
Microsoft Visual Studio Solution File, Format Version 12.00
# Visual Studio Version 16
VisualStudioVersion = 16.0.32106.194
MinimumVisualStudioVersion = 10.0.40219.1
Project("{FAE04EC0-301F-11D3-BF4B-00C04F79EFBC}") = "Nithya", "Nithya\Nithya.csproj", "{F274AFF5-A118-4518-ABE5-ADAA4E90A9A1}"
EndProject
Global
	GlobalSection(SolutionConfigurationPlatforms) = preSolution
		Debug|Any CPU = Debug|Any CPU
		Release|Any CPU = Release|Any CPU
	EndGlobalSection
	GlobalSection(ProjectConfigurationPlatforms) = postSolution
		{F274AFF5-A118-4518-ABE5-ADAA4E90A9A1}.Debug|Any CPU.ActiveCfg = Debug|Any CPU
		{F274AFF5-A118-4518-ABE5-ADAA4E90A9A1}.Debug|Any CPU.Build.0 = Debug|Any CPU
		{F274AFF5-A118-4518-ABE5-ADAA4E90A9A1}.Release|Any CPU.ActiveCfg = Release|Any CPU
		{F274AFF5-A118-4518-ABE5-ADAA4E90A9A1}.Release|Any CPU.Build.0 = Release|Any CPU
	EndGlobalSection
	GlobalSection(SolutionProperties) = preSolution
		HideSolutionNode = FALSE
	EndGlobalSection
	GlobalSection(ExtensibilityGlobals) = postSolution
		SolutionGuid = {153E7C56-C442-413B-A802-3F36F4975F24}
	EndGlobalSection
EndGlobal
